github.com/ebitengine/purego v0.5.1 h1:hNunhThpOf1vzKl49v6YxIsXLhl92vbBEv1/2Ez3ZrY=
github.com/ebitengine/purego v0.5.1/go.mod h1:ah1In8AOtksoNK6yk5z1HTJeUkC1Ez4Wk2idgGslMwQ=
github.com/gen2brain/flite-go v0.0.0-20170519100317-f4df2119132c h1:JBlwZJSYopoPXh0dLN9GGw750uhU08VjKKpl+uX5pE4=
github.com/gen2brain/flite-go v0.0.0-20170519100317-f4df2119132c/go.mod h1:Wv0H30ZpZPf4CrBNqgiG2S4G0CDtZWS2i87JnPtv9LI=
github.com/hajimehoshi/go-mp3 v0.3.4 h1:NUP7pBYH8OguP4diaTZ9wJbUbk3tC0KlfzsEpWmYj68=
github.com/hajimehoshi/go-mp3 v0.3.4/go.mod h1:fRtZraRFcWb0pu7ok0LqyFhCUrPeMsGRSVop0eemFmo=
github.com/hajimehoshi/oto/v2 v2.3.1/go.mod h1:seWLbgHH7AyUMYKfKYT9pg7PhUu9/SisyJvNTT+ASQo=
github.com/hajimehoshi/oto/v2 v2.4.2 h1:uPZq5xEnOv8nIy4eMoDkakLb99YxoNv5XHL7Mm6zHwU=
github.com/hajimehoshi/oto/v2 v2.4.2/go.mod h1:tINhdh4kCNJ8N19zqp0Lk/wMFv5WQJYkqnnEZ5W5WtE=
github.com/hegedustibor/htgo-tts v0.0.0-20230402053941-cd8d1a158135 h1:HWBBhNF2kQVwlPCmcJL3fQxkuzP2LOTiLOib5sx6swI=
github.com/hegedustibor/htgo-tts v0.0.0-20230402053941-cd8d1a158135/go.mod h1:VBNcur+xWvaQIWCaLH8w7j68zPeqQwVfjREn2S7kYbY=
github.com/zenwerk/go-wave v0.0.0-20230421164623-20cf3f50c337 h1:Q7Db9+uERWwJwhY9AHvc8VHAEutT0jW15//H9CE/LeM=
github.com/zenwerk/go-wave v0.0.0-20230421164623-20cf3f50c337/go.mod h1:qCAwkQ567FyudNBeV5wgzDEUsdEEcPgciHPmPlnIgXA=
golang.org/x/sys v0.0.0-20220712014510-0a85c31ab51e/go.mod h1:oPkhp1MJrh7nUepCBck5+mAzfO9JrbApNNgaTdGDITg=
golang.org/x/sys v0.16.0 h1:xWw16ngr6ZMtmxDyKyIgsE93KNKz5HKmMa3b8ALHidU=
golang.org/x/sys v0.16.0/go.mod h1:/VUhepiaJMQUp4+oa/7Zr1D23ma6VTLIYjOOTFZPUcA=
